
Microsoft Visual Studio Solution File, Format Version 12.00
# Visual Studio 11
Project("{2150E333-8FDC-42A3-9474-1A3956D46DE8}") = "Solution Items", "Solution Items", "{2963486B-1D65-4000-91D3-0BAC72904022}"
	ProjectSection(SolutionItems) = preProject
		Local.testsettings = Local.testsettings
		PMSTest.vsmdi = PMSTest.vsmdi
		TraceAndTestImpact.testsettings = TraceAndTestImpact.testsettings
	EndProjectSection
EndProject
Project("{FAE04EC0-301F-11D3-BF4B-00C04F79EFBC}") = "PMSTest.Tests", "PMSTest\PMSTest.Tests.csproj", "{797C7A11-0BC6-4772-8DB6-1DECDE1A778A}"
EndProject
Project("{FAE04EC0-301F-11D3-BF4B-00C04F79EFBC}") = "PMSTest.Proxy", "PMSTest.Proxy\PMSTest.Proxy.csproj", "{286EDC9A-F226-487E-A592-6D16E09FE3C8}"
EndProject
Project("{FAE04EC0-301F-11D3-BF4B-00C04F79EFBC}") = "PMSTest.Command", "PMSTest.Command\PMSTest.Command.csproj", "{0E731BA2-3AD2-46E1-A815-849E87CA2D57}"
EndProject
Global
	GlobalSection(TestCaseManagementSettings) = postSolution
		CategoryFile = PMSTest.vsmdi
	EndGlobalSection
	GlobalSection(SolutionConfigurationPlatforms) = preSolution
		Debug|Any CPU = Debug|Any CPU
		Debug|Mixed Platforms = Debug|Mixed Platforms
		Debug|x86 = Debug|x86
		Release|Any CPU = Release|Any CPU
		Release|Mixed Platforms = Release|Mixed Platforms
		Release|x86 = Release|x86
	EndGlobalSection
	GlobalSection(ProjectConfigurationPlatforms) = postSolution
		{0E731BA2-3AD2-46E1-A815-849E87CA2D57}.Debug|Any CPU.ActiveCfg = Debug|x86
		{0E731BA2-3AD2-46E1-A815-849E87CA2D57}.Debug|Mixed Platforms.ActiveCfg = Debug|x86
		{0E731BA2-3AD2-46E1-A815-849E87CA2D57}.Debug|Mixed Platforms.Build.0 = Debug|x86
		{0E731BA2-3AD2-46E1-A815-849E87CA2D57}.Debug|x86.ActiveCfg = Debug|x86
		{0E731BA2-3AD2-46E1-A815-849E87CA2D57}.Debug|x86.Build.0 = Debug|x86
		{0E731BA2-3AD2-46E1-A815-849E87CA2D57}.Release|Any CPU.ActiveCfg = Release|x86
		{0E731BA2-3AD2-46E1-A815-849E87CA2D57}.Release|Mixed Platforms.ActiveCfg = Release|x86
		{0E731BA2-3AD2-46E1-A815-849E87CA2D57}.Release|Mixed Platforms.Build.0 = Release|x86
		{0E731BA2-3AD2-46E1-A815-849E87CA2D57}.Release|x86.ActiveCfg = Release|x86
		{0E731BA2-3AD2-46E1-A815-849E87CA2D57}.Release|x86.Build.0 = Release|x86
		{286EDC9A-F226-487E-A592-6D16E09FE3C8}.Debug|Any CPU.ActiveCfg = Debug|Any CPU
		{286EDC9A-F226-487E-A592-6D16E09FE3C8}.Debug|Any CPU.Build.0 = Debug|Any CPU
		{286EDC9A-F226-487E-A592-6D16E09FE3C8}.Debug|Mixed Platforms.ActiveCfg = Debug|Any CPU
		{286EDC9A-F226-487E-A592-6D16E09FE3C8}.Debug|Mixed Platforms.Build.0 = Debug|Any CPU
		{286EDC9A-F226-487E-A592-6D16E09FE3C8}.Debug|x86.ActiveCfg = Debug|Any CPU
		{286EDC9A-F226-487E-A592-6D16E09FE3C8}.Release|Any CPU.ActiveCfg = Release|Any CPU
		{286EDC9A-F226-487E-A592-6D16E09FE3C8}.Release|Any CPU.Build.0 = Release|Any CPU
		{286EDC9A-F226-487E-A592-6D16E09FE3C8}.Release|Mixed Platforms.ActiveCfg = Release|Any CPU
		{286EDC9A-F226-487E-A592-6D16E09FE3C8}.Release|Mixed Platforms.Build.0 = Release|Any CPU
		{286EDC9A-F226-487E-A592-6D16E09FE3C8}.Release|x86.ActiveCfg = Release|Any CPU
		{797C7A11-0BC6-4772-8DB6-1DECDE1A778A}.Debug|Any CPU.ActiveCfg = Debug|Any CPU
		{797C7A11-0BC6-4772-8DB6-1DECDE1A778A}.Debug|Any CPU.Build.0 = Debug|Any CPU
		{797C7A11-0BC6-4772-8DB6-1DECDE1A778A}.Debug|Mixed Platforms.ActiveCfg = Debug|Any CPU
		{797C7A11-0BC6-4772-8DB6-1DECDE1A778A}.Debug|Mixed Platforms.Build.0 = Debug|Any CPU
		{797C7A11-0BC6-4772-8DB6-1DECDE1A778A}.Debug|x86.ActiveCfg = Debug|Any CPU
		{797C7A11-0BC6-4772-8DB6-1DECDE1A778A}.Release|Any CPU.ActiveCfg = Release|Any CPU
		{797C7A11-0BC6-4772-8DB6-1DECDE1A778A}.Release|Any CPU.Build.0 = Release|Any CPU
		{797C7A11-0BC6-4772-8DB6-1DECDE1A778A}.Release|Mixed Platforms.ActiveCfg = Release|Any CPU
		{797C7A11-0BC6-4772-8DB6-1DECDE1A778A}.Release|Mixed Platforms.Build.0 = Release|Any CPU
		{797C7A11-0BC6-4772-8DB6-1DECDE1A778A}.Release|x86.ActiveCfg = Release|Any CPU
	EndGlobalSection
	GlobalSection(SolutionProperties) = preSolution
		HideSolutionNode = FALSE
	EndGlobalSection
EndGlobal
